# This file is autogenerated, do not edit; changes may be undone by the next 'dep ensure'.


[[projects]]
  name = "github.com/devsisters/goquic"
  packages = ["."]
  revision = "59d9ef072c0082af89adabd6368592b4f89ca436"
  version = "v0.1"

[[projects]]
  branch = "master"
  name = "github.com/elojah/services"
  packages = ["."]
  revision = "d9930d97b9f832fd753fd538ee6d68db5b501b51"

[[projects]]
  name = "github.com/oleiade/lane"
  packages = ["."]
  revision = "28f7c3f09254f12b51e620fa4db136ba58804762"
  version = "v1.0.0"

[[projects]]
  branch = "master"
  name = "github.com/vanillahsu/go_reuseport"
  packages = ["."]
  revision = "087e013b0a0c193ca9b1bb21f453b74aa9b31138"

[[projects]]
  branch = "master"
  name = "golang.org/x/net"
  packages = ["http2","http2/hpack","idna","lex/httplex"]
  revision = "d866cfc389cec985d6fda2859936a575a55a3ab6"

[[projects]]
  branch = "master"
  name = "golang.org/x/text"
  packages = ["collate","collate/build","internal/colltab","internal/gen","internal/tag","internal/triegen","internal/ucd","language","secure/bidirule","transform","unicode/bidi","unicode/cldr","unicode/norm","unicode/rangetable"]
  revision = "d5a9226ed7dd70cade6ccae9d37517fe14dd9fee"

[solve-meta]
  analyzer-name = "dep"
  analyzer-version = 1
  inputs-digest = "1d071dc7f86ee8318a7b0585e9aac3cbaf713f8823cf32074a93d900df5351cc"
  solver-name = "gps-cdcl"
  solver-version = 1
