# This file is autogenerated, do not edit; changes may be undone by the next 'dep ensure'.


[[projects]]
  branch = "master"
  name = "github.com/elojah/services"
  packages = ["."]
  revision = "d9930d97b9f832fd753fd538ee6d68db5b501b51"

[[projects]]
  branch = "master"
  name = "golang.org/x/net"
  packages = ["http2","http2/hpack","idna","lex/httplex"]
  revision = "9dfe39835686865bff950a07b394c12a98ddc811"

[[projects]]
  branch = "master"
  name = "golang.org/x/text"
  packages = ["collate","collate/build","internal/colltab","internal/gen","internal/tag","internal/triegen","internal/ucd","language","secure/bidirule","transform","unicode/bidi","unicode/cldr","unicode/norm","unicode/rangetable"]
  revision = "88f656faf3f37f690df1a32515b479415e1a6769"

[[projects]]
  name = "gopkg.in/couchbase/gocb.v1"
  packages = ["."]
  revision = "1c2ef7adea514fb111a41841a89ba2bbacc6acd4"
  version = "v1.3.0"

[[projects]]
  name = "gopkg.in/couchbase/gocbcore.v7"
  packages = ["."]
  revision = "7e83ad200f5d9b4d12b12b16fa643b036714d5b2"
  version = "v7.0.5"

[[projects]]
  name = "gopkg.in/couchbaselabs/gocbconnstr.v1"
  packages = ["."]
  revision = "710456e087a6d497e87f41d0a9d98d6a75672186"
  version = "v1.0.1"

[[projects]]
  name = "gopkg.in/couchbaselabs/jsonx.v1"
  packages = ["."]
  revision = "5b7baa20429a46a5543ee259664cc86502738cad"
  version = "v1.0.0"

[solve-meta]
  analyzer-name = "dep"
  analyzer-version = 1
  inputs-digest = "b197a58b82ddd78272890682ec8da64868321fb3a39ccf943954d9bf10d5874d"
  solver-name = "gps-cdcl"
  solver-version = 1
